
Microsoft Visual Studio Solution File, Format Version 12.00
# Visual Studio 15
VisualStudioVersion = 15.0.28307.1525
MinimumVisualStudioVersion = 10.0.40219.1
Project("{FAE04EC0-301F-11D3-BF4B-00C04F79EFBC}") = "Payment", "Payment\Payment.csproj", "{B981D0B0-1FDB-4955-A05E-5ACE0C7640F2}"
EndProject
Global
	GlobalSection(SolutionConfigurationPlatforms) = preSolution
		Debug|Any CPU = Debug|Any CPU
		Release|Any CPU = Release|Any CPU
	EndGlobalSection
	GlobalSection(ProjectConfigurationPlatforms) = postSolution
		{B981D0B0-1FDB-4955-A05E-5ACE0C7640F2}.Debug|Any CPU.ActiveCfg = Debug|Any CPU
		{B981D0B0-1FDB-4955-A05E-5ACE0C7640F2}.Debug|Any CPU.Build.0 = Debug|Any CPU
		{B981D0B0-1FDB-4955-A05E-5ACE0C7640F2}.Release|Any CPU.ActiveCfg = Release|Any CPU
		{B981D0B0-1FDB-4955-A05E-5ACE0C7640F2}.Release|Any CPU.Build.0 = Release|Any CPU
	EndGlobalSection
	GlobalSection(SolutionProperties) = preSolution
		HideSolutionNode = FALSE
	EndGlobalSection
	GlobalSection(ExtensibilityGlobals) = postSolution
		SolutionGuid = {6B1BCD94-F047-4BDF-8AEA-BE8DA8C78BA5}
	EndGlobalSection
EndGlobal
