
Microsoft Visual Studio Solution File, Format Version 12.00
# Visual Studio 15
VisualStudioVersion = 15.0.28307.1525
MinimumVisualStudioVersion = 10.0.40219.1
Project("{FAE04EC0-301F-11D3-BF4B-00C04F79EFBC}") = "successful", "successful\successful.csproj", "{B4EFAB43-9551-49B3-A061-F53607E8D8DD}"
EndProject
Global
	GlobalSection(SolutionConfigurationPlatforms) = preSolution
		Debug|Any CPU = Debug|Any CPU
		Release|Any CPU = Release|Any CPU
	EndGlobalSection
	GlobalSection(ProjectConfigurationPlatforms) = postSolution
		{B4EFAB43-9551-49B3-A061-F53607E8D8DD}.Debug|Any CPU.ActiveCfg = Debug|Any CPU
		{B4EFAB43-9551-49B3-A061-F53607E8D8DD}.Debug|Any CPU.Build.0 = Debug|Any CPU
		{B4EFAB43-9551-49B3-A061-F53607E8D8DD}.Release|Any CPU.ActiveCfg = Release|Any CPU
		{B4EFAB43-9551-49B3-A061-F53607E8D8DD}.Release|Any CPU.Build.0 = Release|Any CPU
	EndGlobalSection
	GlobalSection(SolutionProperties) = preSolution
		HideSolutionNode = FALSE
	EndGlobalSection
	GlobalSection(ExtensibilityGlobals) = postSolution
		SolutionGuid = {8E3EDB3B-1603-4CD4-B733-7F31D7DD2206}
	EndGlobalSection
EndGlobal
